
Microsoft Visual Studio Solution File, Format Version 12.00
# Visual Studio Version 17
VisualStudioVersion = 17.4.33110.190
MinimumVisualStudioVersion = 10.0.40219.1
Project("{FAE04EC0-301F-11D3-BF4B-00C04F79EFBC}") = "ServerSQLDB.entities", "ServerSQLDB.entities\ServerSQLDB.entities.csproj", "{378FCF63-CF2A-4FCA-9045-B2D0A2E44822}"
EndProject
Project("{FAE04EC0-301F-11D3-BF4B-00C04F79EFBC}") = "ServerSQLDB.model", "ServerSQLDB.model\ServerSQLDB.model.csproj", "{2CB863A2-CAAD-4D6B-A688-5BC47833D42B}"
EndProject
Project("{FAE04EC0-301F-11D3-BF4B-00C04F79EFBC}") = "ServerSQLDB.dal", "ServerSQLDB.dal\ServerSQLDB.dal.csproj", "{067B2F5E-C288-401C-9B79-9544312934AD}"
EndProject
Project("{9A19103F-16F7-4668-BE54-9A1E7A4F7556}") = "ServerSQLDB.Azure", "ServerSQLDB.Azure\ServerSQLDB.Azure.csproj", "{8594A8E6-8E3D-4EC6-B784-DF9BD479C9FA}"
EndProject
Project("{FAE04EC0-301F-11D3-BF4B-00C04F79EFBC}") = "Testing.UI", "Testing.UI\Testing.UI.csproj", "{438396FF-9A7B-462D-AC87-708817E4E919}"
EndProject
Global
	GlobalSection(SolutionConfigurationPlatforms) = preSolution
		Debug|Any CPU = Debug|Any CPU
		Release|Any CPU = Release|Any CPU
	EndGlobalSection
	GlobalSection(ProjectConfigurationPlatforms) = postSolution
		{378FCF63-CF2A-4FCA-9045-B2D0A2E44822}.Debug|Any CPU.ActiveCfg = Debug|Any CPU
		{378FCF63-CF2A-4FCA-9045-B2D0A2E44822}.Debug|Any CPU.Build.0 = Debug|Any CPU
		{378FCF63-CF2A-4FCA-9045-B2D0A2E44822}.Release|Any CPU.ActiveCfg = Release|Any CPU
		{378FCF63-CF2A-4FCA-9045-B2D0A2E44822}.Release|Any CPU.Build.0 = Release|Any CPU
		{2CB863A2-CAAD-4D6B-A688-5BC47833D42B}.Debug|Any CPU.ActiveCfg = Debug|Any CPU
		{2CB863A2-CAAD-4D6B-A688-5BC47833D42B}.Debug|Any CPU.Build.0 = Debug|Any CPU
		{2CB863A2-CAAD-4D6B-A688-5BC47833D42B}.Release|Any CPU.ActiveCfg = Release|Any CPU
		{2CB863A2-CAAD-4D6B-A688-5BC47833D42B}.Release|Any CPU.Build.0 = Release|Any CPU
		{067B2F5E-C288-401C-9B79-9544312934AD}.Debug|Any CPU.ActiveCfg = Debug|Any CPU
		{067B2F5E-C288-401C-9B79-9544312934AD}.Debug|Any CPU.Build.0 = Debug|Any CPU
		{067B2F5E-C288-401C-9B79-9544312934AD}.Release|Any CPU.ActiveCfg = Release|Any CPU
		{067B2F5E-C288-401C-9B79-9544312934AD}.Release|Any CPU.Build.0 = Release|Any CPU
		{8594A8E6-8E3D-4EC6-B784-DF9BD479C9FA}.Debug|Any CPU.ActiveCfg = Debug|Any CPU
		{8594A8E6-8E3D-4EC6-B784-DF9BD479C9FA}.Debug|Any CPU.Build.0 = Debug|Any CPU
		{8594A8E6-8E3D-4EC6-B784-DF9BD479C9FA}.Release|Any CPU.ActiveCfg = Release|Any CPU
		{8594A8E6-8E3D-4EC6-B784-DF9BD479C9FA}.Release|Any CPU.Build.0 = Release|Any CPU
		{438396FF-9A7B-462D-AC87-708817E4E919}.Debug|Any CPU.ActiveCfg = Debug|Any CPU
		{438396FF-9A7B-462D-AC87-708817E4E919}.Debug|Any CPU.Build.0 = Debug|Any CPU
		{438396FF-9A7B-462D-AC87-708817E4E919}.Release|Any CPU.ActiveCfg = Release|Any CPU
		{438396FF-9A7B-462D-AC87-708817E4E919}.Release|Any CPU.Build.0 = Release|Any CPU
	EndGlobalSection
	GlobalSection(SolutionProperties) = preSolution
		HideSolutionNode = FALSE
	EndGlobalSection
	GlobalSection(ExtensibilityGlobals) = postSolution
		SolutionGuid = {5577926D-E4E9-4FA4-BDB0-9CF209EE992A}
	EndGlobalSection
EndGlobal
